
Microsoft Visual Studio Solution File, Format Version 12.00
# Visual Studio 15
VisualStudioVersion = 15.0.27130.2026
MinimumVisualStudioVersion = 10.0.40219.1
Project("{FAE04EC0-301F-11D3-BF4B-00C04F79EFBC}") = "NUnitActionAttributeLab", "NUnitActionAttributeLab\NUnitActionAttributeLab.csproj", "{347F3F4F-7128-4A43-AF0C-0A2E53F08392}"
EndProject
Global
	GlobalSection(SolutionConfigurationPlatforms) = preSolution
		Debug|Any CPU = Debug|Any CPU
		Release|Any CPU = Release|Any CPU
	EndGlobalSection
	GlobalSection(ProjectConfigurationPlatforms) = postSolution
		{347F3F4F-7128-4A43-AF0C-0A2E53F08392}.Debug|Any CPU.ActiveCfg = Debug|Any CPU
		{347F3F4F-7128-4A43-AF0C-0A2E53F08392}.Debug|Any CPU.Build.0 = Debug|Any CPU
		{347F3F4F-7128-4A43-AF0C-0A2E53F08392}.Release|Any CPU.ActiveCfg = Release|Any CPU
		{347F3F4F-7128-4A43-AF0C-0A2E53F08392}.Release|Any CPU.Build.0 = Release|Any CPU
	EndGlobalSection
	GlobalSection(SolutionProperties) = preSolution
		HideSolutionNode = FALSE
	EndGlobalSection
	GlobalSection(ExtensibilityGlobals) = postSolution
		SolutionGuid = {D7901711-CF97-4BA8-87B1-FB376D8B1DA9}
	EndGlobalSection
EndGlobal
